{
  "version": 4,
  "terraform_version": "1.15.6",
  "serial": 1,
  "lineage": "5000dc2b-9b79-cf17-ec46-74cef93e5260",
  "outputs": {
    "platform_objects_validation_configmap": {
      "value": "platform-objects-validation",
      "type": "string"
    }
  },
  "resources": [
    {
      "mode": "managed",
      "type": "kubernetes_config_map",
      "name": "platform_objects_validation",
      "provider": "provider[\"registry.terraform.io/hashicorp/kubernetes\"]",
      "instances": [
        {
          "schema_version": 0,
          "attributes": {
            "binary_data": null,
            "data": {
              "purpose": "Validate dev platform objects layer",
              "status": "initialized"
            },
            "id": "default/platform-objects-validation",
            "immutable": false,
            "metadata": [
              {
                "annotations": null,
                "generate_name": "",
                "generation": 0,
                "labels": {
                  "environment": "dev",
                  "layer": "platform-objects",
                  "managed_by": "terraform"
                },
                "name": "platform-objects-validation",
                "namespace": "default",
                "resource_version": "9862",
                "uid": "701317f1-9363-40ca-a301-8d90aa263753"
              }
            ]
          },
          "sensitive_attributes": [],
          "identity_schema_version": 1,
          "identity": {
            "api_version": "v1",
            "kind": "ConfigMap",
            "name": "platform-objects-validation",
            "namespace": "default"
          },
          "private": "bnVsbA=="
        }
      ]
    }
  ],
  "check_results": null
}
